// !$*UTF8*$!
{
	archiveVersion = 1;
	classes = {
	};
	objectVersion = 46;
	objects = {

/* Begin PBXAggregateTarget section */
		1FF8D294039E428BB95AA027 /* ALL_BUILD */ = {
			isa = PBXAggregateTarget;
			buildConfigurationList = B38706777B4A43569C39A047 /* Build configuration list for PBXAggregateTarget "ALL_BUILD" */;
			buildPhases = (
				EE709471C6E862B425BC4B73 /* Generate CMakeFiles/ALL_BUILD */,
			);
			dependencies = (
				4EB8B9BB9031480692A7BB19 /* PBXTargetDependency */,
				CAC8065EB658436DA4559E94 /* PBXTargetDependency */,
			);
			name = ALL_BUILD;
			productName = ALL_BUILD;
		};
		31788373DBB14FA3B88A37A1 /* ZERO_CHECK */ = {
			isa = PBXAggregateTarget;
			buildConfigurationList = 0DF75020F2DB4126BBDD3007 /* Build configuration list for PBXAggregateTarget "ZERO_CHECK" */;
			buildPhases = (
				D85C823AAD4A83F5F69B9638 /* Generate CMakeFiles/ZERO_CHECK */,
			);
			dependencies = (
			);
			name = ZERO_CHECK;
			productName = ZERO_CHECK;
		};
/* End PBXAggregateTarget section */

/* Begin PBXBuildFile section */
		2AF1306B059340478538B979 /* /Users/junmingjin/MSD/CS6010/myGithubRepo/Finalproject/untitled folder/src/helloSFML.cpp */ = {isa = PBXBuildFile; fileRef = CB20E4423A46450487975214 /* /Users/junmingjin/MSD/CS6010/myGithubRepo/Finalproject/untitled folder/src/helloSFML.cpp */; };
		C1D0D4D0968C439BAB9344B0 /* /Users/junmingjin/MSD/CS6010/myGithubRepo/Finalproject/untitled folder/CMakeLists.txt */ = {isa = PBXBuildFile; fileRef = 590B8B6923C64A1F933B524E /* /Users/junmingjin/MSD/CS6010/myGithubRepo/Finalproject/untitled folder/CMakeLists.txt */; };
/* End PBXBuildFile section */

/* Begin PBXBuildStyle section */
		1612B5B958E7408F9B43386B /* MinSizeRel */ = {
			isa = PBXBuildStyle;
			buildSettings = {
				COPY_PHASE_STRIP = NO;
			};
			name = MinSizeRel;
		};
		1CA3E33AE43E4725B63709B4 /* Debug */ = {
			isa = PBXBuildStyle;
			buildSettings = {
				COPY_PHASE_STRIP = NO;
			};
			name = Debug;
		};
		60A44EB9174A4B8CB6CB5C6B /* Release */ = {
			isa = PBXBuildStyle;
			buildSettings = {
				COPY_PHASE_STRIP = NO;
			};
			name = Release;
		};
		9FDF5BECB19A4A159B3A6256 /* RelWithDebInfo */ = {
			isa = PBXBuildStyle;
			buildSettings = {
				COPY_PHASE_STRIP = NO;
			};
			name = RelWithDebInfo;
		};
/* End PBXBuildStyle section */

/* Begin PBXContainerItemProxy section */
		43AA1CC4211348398D1A7D01 /* PBXContainerItemProxy */ = {
			isa = PBXContainerItemProxy;
			containerPortal = EDD6442E51824B5FAFA6B13C /* Project object */;
			proxyType = 1;
			remoteGlobalIDString = 31788373DBB14FA3B88A37A1;
			remoteInfo = ZERO_CHECK;
		};
		5EAA31924CA9433387D016A3 /* PBXContainerItemProxy */ = {
			isa = PBXContainerItemProxy;
			containerPortal = EDD6442E51824B5FAFA6B13C /* Project object */;
			proxyType = 1;
			remoteGlobalIDString = F04875FC32A54DBDA5957D7E;
			remoteInfo = testSFML;
		};
		FF28A2BDD92742A4974C01A2 /* PBXContainerItemProxy */ = {
			isa = PBXContainerItemProxy;
			containerPortal = EDD6442E51824B5FAFA6B13C /* Project object */;
			proxyType = 1;
			remoteGlobalIDString = 31788373DBB14FA3B88A37A1;
			remoteInfo = ZERO_CHECK;
		};
/* End PBXContainerItemProxy section */

/* Begin PBXFileReference section */
		590B8B6923C64A1F933B524E /* /Users/junmingjin/MSD/CS6010/myGithubRepo/Finalproject/untitled folder/CMakeLists.txt */ = {isa = PBXFileReference; explicitFileType = sourcecode.text; fileEncoding = 4; name = CMakeLists.txt; path = CMakeLists.txt; sourceTree = SOURCE_ROOT; };
		98B83EAF7FEC48D8ABA31B2E /* /Users/junmingjin/MSD/CS6010/myGithubRepo/Finalproject/untitled folder/CMakeLists.txt */ = {isa = PBXFileReference; explicitFileType = sourcecode.text; fileEncoding = 4; name = CMakeLists.txt; path = CMakeLists.txt; sourceTree = SOURCE_ROOT; };
		CB20E4423A46450487975214 /* /Users/junmingjin/MSD/CS6010/myGithubRepo/Finalproject/untitled folder/src/helloSFML.cpp */ = {isa = PBXFileReference; explicitFileType = sourcecode.cpp.cpp; fileEncoding = 4; name = helloSFML.cpp; path = src/helloSFML.cpp; sourceTree = SOURCE_ROOT; };
		EA8DF6FB8D374D28B27FB595 /* testSFML */ = {isa = PBXFileReference; explicitFileType = "compiled.mach-o.executable"; path = testSFML; sourceTree = BUILT_PRODUCTS_DIR; };
/* End PBXFileReference section */

/* Begin PBXFrameworksBuildPhase section */
		CF6BA774E127475BB9F3B407 /* Frameworks */ = {
			isa = PBXFrameworksBuildPhase;
			buildActionMask = 2147483647;
			files = (
			);
			runOnlyForDeploymentPostprocessing = 0;
		};
/* End PBXFrameworksBuildPhase section */

/* Begin PBXGroup section */
		201315F717AA480FA0623CFB /* Frameworks */ = {
			isa = PBXGroup;
			children = (
			);
			name = Frameworks;
			sourceTree = "<group>";
		};
		2C66C36B119547D196655560 = {
			isa = PBXGroup;
			children = (
				56077D2DF95B460D9696401F /* testSFML */,
				C1F1CBEC8A1B40788DFF0060 /* ALL_BUILD */,
				5A485CD898BB47CEA6073DC1 /* Products */,
				201315F717AA480FA0623CFB /* Frameworks */,
			);
			sourceTree = "<group>";
		};
		56077D2DF95B460D9696401F /* testSFML */ = {
			isa = PBXGroup;
			children = (
				B972EB0047EE443BAE5C008A /* Source Files */,
				590B8B6923C64A1F933B524E /* /Users/junmingjin/MSD/CS6010/myGithubRepo/Finalproject/untitled folder/CMakeLists.txt */,
			);
			name = testSFML;
			sourceTree = "<group>";
		};
		5A485CD898BB47CEA6073DC1 /* Products */ = {
			isa = PBXGroup;
			children = (
				EA8DF6FB8D374D28B27FB595 /* testSFML */,
			);
			name = Products;
			sourceTree = "<group>";
		};
		B972EB0047EE443BAE5C008A /* Source Files */ = {
			isa = PBXGroup;
			children = (
				CB20E4423A46450487975214 /* /Users/junmingjin/MSD/CS6010/myGithubRepo/Finalproject/untitled folder/src/helloSFML.cpp */,
			);
			name = "Source Files";
			sourceTree = "<group>";
		};
		C1F1CBEC8A1B40788DFF0060 /* ALL_BUILD */ = {
			isa = PBXGroup;
			children = (
				F6F174348F3040698AE4275D /* CMake Rules */,
				98B83EAF7FEC48D8ABA31B2E /* /Users/junmingjin/MSD/CS6010/myGithubRepo/Finalproject/untitled folder/CMakeLists.txt */,
			);
			name = ALL_BUILD;
			sourceTree = "<group>";
		};
		F6F174348F3040698AE4275D /* CMake Rules */ = {
			isa = PBXGroup;
			children = (
			);
			name = "CMake Rules";
			sourceTree = "<group>";
		};
/* End PBXGroup section */

/* Begin PBXNativeTarget section */
		F04875FC32A54DBDA5957D7E /* testSFML */ = {
			isa = PBXNativeTarget;
			buildConfigurationList = 4FA4DD0D8611440997609DDA /* Build configuration list for PBXNativeTarget "testSFML" */;
			buildPhases = (
				A7864C7502894DFB9A1FFBCA /* Sources */,
				CF6BA774E127475BB9F3B407 /* Frameworks */,
			);
			buildRules = (
			);
			dependencies = (
				07A0935742724024AA40D74D /* PBXTargetDependency */,
			);
			name = testSFML;
			productName = testSFML;
			productReference = EA8DF6FB8D374D28B27FB595 /* testSFML */;
			productType = "com.apple.product-type.tool";
		};
/* End PBXNativeTarget section */

/* Begin PBXProject section */
		EDD6442E51824B5FAFA6B13C /* Project object */ = {
			isa = PBXProject;
			attributes = {
				BuildIndependentTargetsInParallel = YES;
				LastUpgradeCheck = 1340;
			};
			buildConfigurationList = 57A4E7349AA54D7AB9225AC7 /* Build configuration list for PBXProject "testSFML" */;
			buildSettings = {
			};
			buildStyles = (
				1CA3E33AE43E4725B63709B4 /* Debug */,
				60A44EB9174A4B8CB6CB5C6B /* Release */,
				1612B5B958E7408F9B43386B /* MinSizeRel */,
				9FDF5BECB19A4A159B3A6256 /* RelWithDebInfo */,
			);
			compatibilityVersion = "Xcode 3.2";
			hasScannedForEncodings = 0;
			mainGroup = 2C66C36B119547D196655560;
			projectDirPath = "/Users/junmingjin/MSD/CS6010/myGithubRepo/Finalproject/untitled folder";
			projectRoot = "";
			targets = (
				1FF8D294039E428BB95AA027 /* ALL_BUILD */,
				31788373DBB14FA3B88A37A1 /* ZERO_CHECK */,
				F04875FC32A54DBDA5957D7E /* testSFML */,
			);
		};
/* End PBXProject section */

/* Begin PBXShellScriptBuildPhase section */
		3C0110FC8322DE7E50886E21 = {
			isa = PBXShellScriptBuildPhase;
			buildActionMask = 2147483647;
			files = (
			);
			inputPaths = (
			);
			outputPaths = (
			);
			runOnlyForDeploymentPostprocessing = 0;
			shellPath = /bin/sh;
			shellScript = "# shell script goes here
exit 0";
			showEnvVarsInLog = 0;
		};
		9B50530E35CC49C82C2FACCF = {
			isa = PBXShellScriptBuildPhase;
			buildActionMask = 2147483647;
			files = (
			);
			inputPaths = (
			);
			outputPaths = (
			);
			runOnlyForDeploymentPostprocessing = 0;
			shellPath = /bin/sh;
			shellScript = "# shell script goes here
exit 0";
			showEnvVarsInLog = 0;
		};
		D85C823AAD4A83F5F69B9638 /* Generate CMakeFiles/ZERO_CHECK */ = {
			isa = PBXShellScriptBuildPhase;
			alwaysOutOfDate = 1;
			buildActionMask = 2147483647;
			files = (
			);
			inputPaths = (
			);
			name = "Generate CMakeFiles/ZERO_CHECK";
			outputPaths = (
"/Users/junmingjin/MSD/CS6010/myGithubRepo/Finalproject/untitled folder/xcode/CMakeFiles/ZERO_CHECK"			);
			runOnlyForDeploymentPostprocessing = 0;
			shellPath = /bin/sh;
			shellScript = "set -e
if test \"$CONFIGURATION\" = \"Debug\"; then :
  cd \"/Users/junmingjin/MSD/CS6010/myGithubRepo/Finalproject/untitled folder/xcode\"
  make -f /Users/junmingjin/MSD/CS6010/myGithubRepo/Finalproject/untitled\\ folder/xcode/CMakeScripts/ReRunCMake.make
fi
if test \"$CONFIGURATION\" = \"Release\"; then :
  cd \"/Users/junmingjin/MSD/CS6010/myGithubRepo/Finalproject/untitled folder/xcode\"
  make -f /Users/junmingjin/MSD/CS6010/myGithubRepo/Finalproject/untitled\\ folder/xcode/CMakeScripts/ReRunCMake.make
fi
if test \"$CONFIGURATION\" = \"MinSizeRel\"; then :
  cd \"/Users/junmingjin/MSD/CS6010/myGithubRepo/Finalproject/untitled folder/xcode\"
  make -f /Users/junmingjin/MSD/CS6010/myGithubRepo/Finalproject/untitled\\ folder/xcode/CMakeScripts/ReRunCMake.make
fi
if test \"$CONFIGURATION\" = \"RelWithDebInfo\"; then :
  cd \"/Users/junmingjin/MSD/CS6010/myGithubRepo/Finalproject/untitled folder/xcode\"
  make -f /Users/junmingjin/MSD/CS6010/myGithubRepo/Finalproject/untitled\\ folder/xcode/CMakeScripts/ReRunCMake.make
fi
";
			showEnvVarsInLog = 0;
		};
		EE709471C6E862B425BC4B73 /* Generate CMakeFiles/ALL_BUILD */ = {
			isa = PBXShellScriptBuildPhase;
			alwaysOutOfDate = 1;
			buildActionMask = 2147483647;
			files = (
			);
			inputPaths = (
			);
			name = "Generate CMakeFiles/ALL_BUILD";
			outputPaths = (
"/Users/junmingjin/MSD/CS6010/myGithubRepo/Finalproject/untitled folder/xcode/CMakeFiles/ALL_BUILD"			);
			runOnlyForDeploymentPostprocessing = 0;
			shellPath = /bin/sh;
			shellScript = "set -e
if test \"$CONFIGURATION\" = \"Debug\"; then :
  cd \"/Users/junmingjin/MSD/CS6010/myGithubRepo/Finalproject/untitled folder/xcode\"
  echo Build\\ all\\ projects
fi
if test \"$CONFIGURATION\" = \"Release\"; then :
  cd \"/Users/junmingjin/MSD/CS6010/myGithubRepo/Finalproject/untitled folder/xcode\"
  echo Build\\ all\\ projects
fi
if test \"$CONFIGURATION\" = \"MinSizeRel\"; then :
  cd \"/Users/junmingjin/MSD/CS6010/myGithubRepo/Finalproject/untitled folder/xcode\"
  echo Build\\ all\\ projects
fi
if test \"$CONFIGURATION\" = \"RelWithDebInfo\"; then :
  cd \"/Users/junmingjin/MSD/CS6010/myGithubRepo/Finalproject/untitled folder/xcode\"
  echo Build\\ all\\ projects
fi
";
			showEnvVarsInLog = 0;
		};
/* End PBXShellScriptBuildPhase section */

/* Begin PBXSourcesBuildPhase section */
		A7864C7502894DFB9A1FFBCA /* Sources */ = {
			isa = PBXSourcesBuildPhase;
			buildActionMask = 2147483647;
			files = (
				2AF1306B059340478538B979 /* /Users/junmingjin/MSD/CS6010/myGithubRepo/Finalproject/untitled folder/src/helloSFML.cpp */,
			);
			runOnlyForDeploymentPostprocessing = 0;
		};
/* End PBXSourcesBuildPhase section */

/* Begin PBXTargetDependency section */
		07A0935742724024AA40D74D /* PBXTargetDependency */ = {
			isa = PBXTargetDependency;
			target = 31788373DBB14FA3B88A37A1 /* ZERO_CHECK */;
			targetProxy = FF28A2BDD92742A4974C01A2 /* PBXContainerItemProxy */;
		};
		4EB8B9BB9031480692A7BB19 /* PBXTargetDependency */ = {
			isa = PBXTargetDependency;
			target = F04875FC32A54DBDA5957D7E /* testSFML */;
			targetProxy = 5EAA31924CA9433387D016A3 /* PBXContainerItemProxy */;
		};
		CAC8065EB658436DA4559E94 /* PBXTargetDependency */ = {
			isa = PBXTargetDependency;
			target = 31788373DBB14FA3B88A37A1 /* ZERO_CHECK */;
			targetProxy = 43AA1CC4211348398D1A7D01 /* PBXContainerItemProxy */;
		};
/* End PBXTargetDependency section */

/* Begin XCBuildConfiguration section */
		260738E608A542C0A430191E /* Release */ = {
			isa = XCBuildConfiguration;
			buildSettings = {
				ARCHS = arm64;
				COMBINE_HIDPI_IMAGES = YES;
				GCC_GENERATE_DEBUGGING_SYMBOLS = YES;
				GCC_INLINES_ARE_PRIVATE_EXTERN = NO;
				GCC_OPTIMIZATION_LEVEL = 0;
				GCC_PREPROCESSOR_DEFINITIONS = ("'CMAKE_INTDIR=\"$(CONFIGURATION)$(EFFECTIVE_PLATFORM_NAME)\"'","$(inherited)");
				GCC_SYMBOLS_PRIVATE_EXTERN = NO;
				INSTALL_PATH = "";
				ONLY_ACTIVE_ARCH = NO;
				OTHER_LDFLAGS = ("","$(inherited)");
				OTHER_REZFLAGS = "";
				PRODUCT_NAME = ALL_BUILD;
				SECTORDER_FLAGS = "";
				SYMROOT = "/Users/junmingjin/MSD/CS6010/myGithubRepo/Finalproject/untitled folder/xcode";
				USE_HEADERMAP = NO;
				WARNING_CFLAGS = ("$(inherited)");
			};
			name = Release;
		};
		3DCEB2563DC74EE689CF422C /* Release */ = {
			isa = XCBuildConfiguration;
			buildSettings = {
				ARCHS = arm64;
				COMBINE_HIDPI_IMAGES = YES;
				GCC_GENERATE_DEBUGGING_SYMBOLS = YES;
				GCC_INLINES_ARE_PRIVATE_EXTERN = NO;
				GCC_OPTIMIZATION_LEVEL = 0;
				GCC_PREPROCESSOR_DEFINITIONS = ("'CMAKE_INTDIR=\"$(CONFIGURATION)$(EFFECTIVE_PLATFORM_NAME)\"'","$(inherited)");
				GCC_SYMBOLS_PRIVATE_EXTERN = NO;
				INSTALL_PATH = "";
				ONLY_ACTIVE_ARCH = NO;
				OTHER_LDFLAGS = ("","$(inherited)");
				OTHER_REZFLAGS = "";
				PRODUCT_NAME = ZERO_CHECK;
				SECTORDER_FLAGS = "";
				SYMROOT = "/Users/junmingjin/MSD/CS6010/myGithubRepo/Finalproject/untitled folder/xcode";
				USE_HEADERMAP = NO;
				WARNING_CFLAGS = ("$(inherited)");
			};
			name = Release;
		};
		44997369F8524F1D8E48CAD4 /* Debug */ = {
			isa = XCBuildConfiguration;
			buildSettings = {
				ARCHS = arm64;
				SDKROOT = /Applications/Xcode.app/Contents/Developer/Platforms/MacOSX.platform/Developer/SDKs/MacOSX12.3.sdk;
				SYMROOT = "/Users/junmingjin/MSD/CS6010/myGithubRepo/Finalproject/untitled folder/xcode/build";
			};
			name = Debug;
		};
		44C22BAC32BA4CDBAA798420 /* RelWithDebInfo */ = {
			isa = XCBuildConfiguration;
			buildSettings = {
				ARCHS = arm64;
				COMBINE_HIDPI_IMAGES = YES;
				EXECUTABLE_PREFIX = "";
				EXECUTABLE_SUFFIX = "";
				GCC_GENERATE_DEBUGGING_SYMBOLS = YES;
				GCC_INLINES_ARE_PRIVATE_EXTERN = NO;
				GCC_OPTIMIZATION_LEVEL = 2;
				GCC_PREPROCESSOR_DEFINITIONS = ("'CMAKE_INTDIR=\"$(CONFIGURATION)$(EFFECTIVE_PLATFORM_NAME)\"'","$(inherited)");
				GCC_SYMBOLS_PRIVATE_EXTERN = NO;
				INSTALL_PATH = "";
				LD_RUNPATH_SEARCH_PATHS = (/opt/homebrew/lib,"$(inherited)");
				ONLY_ACTIVE_ARCH = NO;
				OTHER_CPLUSPLUSFLAGS = "       -DNDEBUG '-std=c++17' ";
				OTHER_LDFLAGS = (" -Wl,-search_paths_first -Wl,-headerpad_max_install_names","/opt/homebrew/lib/libsfml-graphics.2.5.1.dylib","/opt/homebrew/lib/libsfml-window.2.5.1.dylib","/opt/homebrew/lib/libsfml-system.2.5.1.dylib","$(inherited)");
				OTHER_REZFLAGS = "";
				PRODUCT_NAME = testSFML;
				SECTORDER_FLAGS = "";
				SYMROOT = "/Users/junmingjin/MSD/CS6010/myGithubRepo/Finalproject/untitled folder/xcode";
				SYSTEM_HEADER_SEARCH_PATHS = (/opt/homebrew/include,"$(inherited)");
				USE_HEADERMAP = NO;
				WARNING_CFLAGS = ("$(inherited)");
			};
			name = RelWithDebInfo;
		};
		49ADCA13680D4DC2A82D9267 /* RelWithDebInfo */ = {
			isa = XCBuildConfiguration;
			buildSettings = {
				ARCHS = arm64;
				COMBINE_HIDPI_IMAGES = YES;
				GCC_GENERATE_DEBUGGING_SYMBOLS = YES;
				GCC_INLINES_ARE_PRIVATE_EXTERN = NO;
				GCC_OPTIMIZATION_LEVEL = 0;
				GCC_PREPROCESSOR_DEFINITIONS = ("'CMAKE_INTDIR=\"$(CONFIGURATION)$(EFFECTIVE_PLATFORM_NAME)\"'","$(inherited)");
				GCC_SYMBOLS_PRIVATE_EXTERN = NO;
				INSTALL_PATH = "";
				ONLY_ACTIVE_ARCH = NO;
				OTHER_LDFLAGS = ("","$(inherited)");
				OTHER_REZFLAGS = "";
				PRODUCT_NAME = ZERO_CHECK;
				SECTORDER_FLAGS = "";
				SYMROOT = "/Users/junmingjin/MSD/CS6010/myGithubRepo/Finalproject/untitled folder/xcode";
				USE_HEADERMAP = NO;
				WARNING_CFLAGS = ("$(inherited)");
			};
			name = RelWithDebInfo;
		};
		6060846940354681AB9AD619 /* Release */ = {
			isa = XCBuildConfiguration;
			buildSettings = {
				ARCHS = arm64;
				COMBINE_HIDPI_IMAGES = YES;
				EXECUTABLE_PREFIX = "";
				EXECUTABLE_SUFFIX = "";
				GCC_GENERATE_DEBUGGING_SYMBOLS = NO;
				GCC_INLINES_ARE_PRIVATE_EXTERN = NO;
				GCC_OPTIMIZATION_LEVEL = 3;
				GCC_PREPROCESSOR_DEFINITIONS = ("'CMAKE_INTDIR=\"$(CONFIGURATION)$(EFFECTIVE_PLATFORM_NAME)\"'","$(inherited)");
				GCC_SYMBOLS_PRIVATE_EXTERN = NO;
				INSTALL_PATH = "";
				LD_RUNPATH_SEARCH_PATHS = (/opt/homebrew/lib,"$(inherited)");
				ONLY_ACTIVE_ARCH = NO;
				OTHER_CPLUSPLUSFLAGS = "    -DNDEBUG '-std=c++17' ";
				OTHER_LDFLAGS = (" -Wl,-search_paths_first -Wl,-headerpad_max_install_names","/opt/homebrew/lib/libsfml-graphics.2.5.1.dylib","/opt/homebrew/lib/libsfml-window.2.5.1.dylib","/opt/homebrew/lib/libsfml-system.2.5.1.dylib","$(inherited)");
				OTHER_REZFLAGS = "";
				PRODUCT_NAME = testSFML;
				SECTORDER_FLAGS = "";
				SYMROOT = "/Users/junmingjin/MSD/CS6010/myGithubRepo/Finalproject/untitled folder/xcode";
				SYSTEM_HEADER_SEARCH_PATHS = (/opt/homebrew/include,"$(inherited)");
				USE_HEADERMAP = NO;
				WARNING_CFLAGS = ("$(inherited)");
			};
			name = Release;
		};
		6B77800629E84B0BAD65CEA7 /* Debug */ = {
			isa = XCBuildConfiguration;
			buildSettings = {
				ARCHS = arm64;
				COMBINE_HIDPI_IMAGES = YES;
				GCC_GENERATE_DEBUGGING_SYMBOLS = YES;
				GCC_INLINES_ARE_PRIVATE_EXTERN = NO;
				GCC_OPTIMIZATION_LEVEL = 0;
				GCC_PREPROCESSOR_DEFINITIONS = ("'CMAKE_INTDIR=\"$(CONFIGURATION)$(EFFECTIVE_PLATFORM_NAME)\"'","$(inherited)");
				GCC_SYMBOLS_PRIVATE_EXTERN = NO;
				INSTALL_PATH = "";
				ONLY_ACTIVE_ARCH = NO;
				OTHER_LDFLAGS = ("","$(inherited)");
				OTHER_REZFLAGS = "";
				PRODUCT_NAME = ZERO_CHECK;
				SECTORDER_FLAGS = "";
				SYMROOT = "/Users/junmingjin/MSD/CS6010/myGithubRepo/Finalproject/untitled folder/xcode";
				USE_HEADERMAP = NO;
				WARNING_CFLAGS = ("$(inherited)");
			};
			name = Debug;
		};
		8695EF808C264E179CBAD4E5 /* Release */ = {
			isa = XCBuildConfiguration;
			buildSettings = {
				ARCHS = arm64;
				SDKROOT = /Applications/Xcode.app/Contents/Developer/Platforms/MacOSX.platform/Developer/SDKs/MacOSX12.3.sdk;
				SYMROOT = "/Users/junmingjin/MSD/CS6010/myGithubRepo/Finalproject/untitled folder/xcode/build";
			};
			name = Release;
		};
		97A11C419C804770BFB8DA61 /* MinSizeRel */ = {
			isa = XCBuildConfiguration;
			buildSettings = {
				ARCHS = arm64;
				COMBINE_HIDPI_IMAGES = YES;
				GCC_GENERATE_DEBUGGING_SYMBOLS = YES;
				GCC_INLINES_ARE_PRIVATE_EXTERN = NO;
				GCC_OPTIMIZATION_LEVEL = 0;
				GCC_PREPROCESSOR_DEFINITIONS = ("'CMAKE_INTDIR=\"$(CONFIGURATION)$(EFFECTIVE_PLATFORM_NAME)\"'","$(inherited)");
				GCC_SYMBOLS_PRIVATE_EXTERN = NO;
				INSTALL_PATH = "";
				ONLY_ACTIVE_ARCH = NO;
				OTHER_LDFLAGS = ("","$(inherited)");
				OTHER_REZFLAGS = "";
				PRODUCT_NAME = ALL_BUILD;
				SECTORDER_FLAGS = "";
				SYMROOT = "/Users/junmingjin/MSD/CS6010/myGithubRepo/Finalproject/untitled folder/xcode";
				USE_HEADERMAP = NO;
				WARNING_CFLAGS = ("$(inherited)");
			};
			name = MinSizeRel;
		};
		9FA58EA05A27447EB8B2DC92 /* Debug */ = {
			isa = XCBuildConfiguration;
			buildSettings = {
				ARCHS = arm64;
				COMBINE_HIDPI_IMAGES = YES;
				GCC_GENERATE_DEBUGGING_SYMBOLS = YES;
				GCC_INLINES_ARE_PRIVATE_EXTERN = NO;
				GCC_OPTIMIZATION_LEVEL = 0;
				GCC_PREPROCESSOR_DEFINITIONS = ("'CMAKE_INTDIR=\"$(CONFIGURATION)$(EFFECTIVE_PLATFORM_NAME)\"'","$(inherited)");
				GCC_SYMBOLS_PRIVATE_EXTERN = NO;
				INSTALL_PATH = "";
				ONLY_ACTIVE_ARCH = NO;
				OTHER_LDFLAGS = ("","$(inherited)");
				OTHER_REZFLAGS = "";
				PRODUCT_NAME = ALL_BUILD;
				SECTORDER_FLAGS = "";
				SYMROOT = "/Users/junmingjin/MSD/CS6010/myGithubRepo/Finalproject/untitled folder/xcode";
				USE_HEADERMAP = NO;
				WARNING_CFLAGS = ("$(inherited)");
			};
			name = Debug;
		};
		BB9F2AE74AA44F0598129935 /* MinSizeRel */ = {
			isa = XCBuildConfiguration;
			buildSettings = {
				ARCHS = arm64;
				SDKROOT = /Applications/Xcode.app/Contents/Developer/Platforms/MacOSX.platform/Developer/SDKs/MacOSX12.3.sdk;
				SYMROOT = "/Users/junmingjin/MSD/CS6010/myGithubRepo/Finalproject/untitled folder/xcode/build";
			};
			name = MinSizeRel;
		};
		DBBAB0096D3F4302967A0A84 /* RelWithDebInfo */ = {
			isa = XCBuildConfiguration;
			buildSettings = {
				ARCHS = arm64;
				COMBINE_HIDPI_IMAGES = YES;
				GCC_GENERATE_DEBUGGING_SYMBOLS = YES;
				GCC_INLINES_ARE_PRIVATE_EXTERN = NO;
				GCC_OPTIMIZATION_LEVEL = 0;
				GCC_PREPROCESSOR_DEFINITIONS = ("'CMAKE_INTDIR=\"$(CONFIGURATION)$(EFFECTIVE_PLATFORM_NAME)\"'","$(inherited)");
				GCC_SYMBOLS_PRIVATE_EXTERN = NO;
				INSTALL_PATH = "";
				ONLY_ACTIVE_ARCH = NO;
				OTHER_LDFLAGS = ("","$(inherited)");
				OTHER_REZFLAGS = "";
				PRODUCT_NAME = ALL_BUILD;
				SECTORDER_FLAGS = "";
				SYMROOT = "/Users/junmingjin/MSD/CS6010/myGithubRepo/Finalproject/untitled folder/xcode";
				USE_HEADERMAP = NO;
				WARNING_CFLAGS = ("$(inherited)");
			};
			name = RelWithDebInfo;
		};
		DF19410B58B846D2A200FBB0 /* MinSizeRel */ = {
			isa = XCBuildConfiguration;
			buildSettings = {
				ARCHS = arm64;
				COMBINE_HIDPI_IMAGES = YES;
				EXECUTABLE_PREFIX = "";
				EXECUTABLE_SUFFIX = "";
				GCC_GENERATE_DEBUGGING_SYMBOLS = NO;
				GCC_INLINES_ARE_PRIVATE_EXTERN = NO;
				GCC_OPTIMIZATION_LEVEL = s;
				GCC_PREPROCESSOR_DEFINITIONS = ("'CMAKE_INTDIR=\"$(CONFIGURATION)$(EFFECTIVE_PLATFORM_NAME)\"'","$(inherited)");
				GCC_SYMBOLS_PRIVATE_EXTERN = NO;
				INSTALL_PATH = "";
				LD_RUNPATH_SEARCH_PATHS = (/opt/homebrew/lib,"$(inherited)");
				ONLY_ACTIVE_ARCH = NO;
				OTHER_CPLUSPLUSFLAGS = "    -DNDEBUG '-std=c++17' ";
				OTHER_LDFLAGS = (" -Wl,-search_paths_first -Wl,-headerpad_max_install_names","/opt/homebrew/lib/libsfml-graphics.2.5.1.dylib","/opt/homebrew/lib/libsfml-window.2.5.1.dylib","/opt/homebrew/lib/libsfml-system.2.5.1.dylib","$(inherited)");
				OTHER_REZFLAGS = "";
				PRODUCT_NAME = testSFML;
				SECTORDER_FLAGS = "";
				SYMROOT = "/Users/junmingjin/MSD/CS6010/myGithubRepo/Finalproject/untitled folder/xcode";
				SYSTEM_HEADER_SEARCH_PATHS = (/opt/homebrew/include,"$(inherited)");
				USE_HEADERMAP = NO;
				WARNING_CFLAGS = ("$(inherited)");
			};
			name = MinSizeRel;
		};
		E9D39CAC162941949A5F81A0 /* MinSizeRel */ = {
			isa = XCBuildConfiguration;
			buildSettings = {
				ARCHS = arm64;
				COMBINE_HIDPI_IMAGES = YES;
				GCC_GENERATE_DEBUGGING_SYMBOLS = YES;
				GCC_INLINES_ARE_PRIVATE_EXTERN = NO;
				GCC_OPTIMIZATION_LEVEL = 0;
				GCC_PREPROCESSOR_DEFINITIONS = ("'CMAKE_INTDIR=\"$(CONFIGURATION)$(EFFECTIVE_PLATFORM_NAME)\"'","$(inherited)");
				GCC_SYMBOLS_PRIVATE_EXTERN = NO;
				INSTALL_PATH = "";
				ONLY_ACTIVE_ARCH = NO;
				OTHER_LDFLAGS = ("","$(inherited)");
				OTHER_REZFLAGS = "";
				PRODUCT_NAME = ZERO_CHECK;
				SECTORDER_FLAGS = "";
				SYMROOT = "/Users/junmingjin/MSD/CS6010/myGithubRepo/Finalproject/untitled folder/xcode";
				USE_HEADERMAP = NO;
				WARNING_CFLAGS = ("$(inherited)");
			};
			name = MinSizeRel;
		};
		F78C4866AC8B463A88D37EC0 /* RelWithDebInfo */ = {
			isa = XCBuildConfiguration;
			buildSettings = {
				ARCHS = arm64;
				SDKROOT = /Applications/Xcode.app/Contents/Developer/Platforms/MacOSX.platform/Developer/SDKs/MacOSX12.3.sdk;
				SYMROOT = "/Users/junmingjin/MSD/CS6010/myGithubRepo/Finalproject/untitled folder/xcode/build";
			};
			name = RelWithDebInfo;
		};
		FCCAE5EA126947D18070C5F5 /* Debug */ = {
			isa = XCBuildConfiguration;
			buildSettings = {
				ARCHS = arm64;
				COMBINE_HIDPI_IMAGES = YES;
				EXECUTABLE_PREFIX = "";
				EXECUTABLE_SUFFIX = "";
				GCC_GENERATE_DEBUGGING_SYMBOLS = YES;
				GCC_INLINES_ARE_PRIVATE_EXTERN = NO;
				GCC_OPTIMIZATION_LEVEL = 0;
				GCC_PREPROCESSOR_DEFINITIONS = ("'CMAKE_INTDIR=\"$(CONFIGURATION)$(EFFECTIVE_PLATFORM_NAME)\"'","$(inherited)");
				GCC_SYMBOLS_PRIVATE_EXTERN = NO;
				INSTALL_PATH = "";
				LD_RUNPATH_SEARCH_PATHS = (/opt/homebrew/lib,"$(inherited)");
				ONLY_ACTIVE_ARCH = NO;
				OTHER_CPLUSPLUSFLAGS = "   '-std=c++17' ";
				OTHER_LDFLAGS = (" -Wl,-search_paths_first -Wl,-headerpad_max_install_names","/opt/homebrew/lib/libsfml-graphics.2.5.1.dylib","/opt/homebrew/lib/libsfml-window.2.5.1.dylib","/opt/homebrew/lib/libsfml-system.2.5.1.dylib","$(inherited)");
				OTHER_REZFLAGS = "";
				PRODUCT_NAME = testSFML;
				SECTORDER_FLAGS = "";
				SYMROOT = "/Users/junmingjin/MSD/CS6010/myGithubRepo/Finalproject/untitled folder/xcode";
				SYSTEM_HEADER_SEARCH_PATHS = (/opt/homebrew/include,"$(inherited)");
				USE_HEADERMAP = NO;
				WARNING_CFLAGS = ("$(inherited)");
			};
			name = Debug;
		};
/* End XCBuildConfiguration section */

/* Begin XCConfigurationList section */
		0DF75020F2DB4126BBDD3007 /* Build configuration list for PBXAggregateTarget "ZERO_CHECK" */ = {
			isa = XCConfigurationList;
			buildConfigurations = (
				6B77800629E84B0BAD65CEA7 /* Debug */,
				3DCEB2563DC74EE689CF422C /* Release */,
				E9D39CAC162941949A5F81A0 /* MinSizeRel */,
				49ADCA13680D4DC2A82D9267 /* RelWithDebInfo */,
			);
			defaultConfigurationIsVisible = 0;
			defaultConfigurationName = Debug;
		};
		4FA4DD0D8611440997609DDA /* Build configuration list for PBXNativeTarget "testSFML" */ = {
			isa = XCConfigurationList;
			buildConfigurations = (
				FCCAE5EA126947D18070C5F5 /* Debug */,
				6060846940354681AB9AD619 /* Release */,
				DF19410B58B846D2A200FBB0 /* MinSizeRel */,
				44C22BAC32BA4CDBAA798420 /* RelWithDebInfo */,
			);
			defaultConfigurationIsVisible = 0;
			defaultConfigurationName = Debug;
		};
		57A4E7349AA54D7AB9225AC7 /* Build configuration list for PBXProject "testSFML" */ = {
			isa = XCConfigurationList;
			buildConfigurations = (
				44997369F8524F1D8E48CAD4 /* Debug */,
				8695EF808C264E179CBAD4E5 /* Release */,
				BB9F2AE74AA44F0598129935 /* MinSizeRel */,
				F78C4866AC8B463A88D37EC0 /* RelWithDebInfo */,
			);
			defaultConfigurationIsVisible = 0;
			defaultConfigurationName = Debug;
		};
		B38706777B4A43569C39A047 /* Build configuration list for PBXAggregateTarget "ALL_BUILD" */ = {
			isa = XCConfigurationList;
			buildConfigurations = (
				9FA58EA05A27447EB8B2DC92 /* Debug */,
				260738E608A542C0A430191E /* Release */,
				97A11C419C804770BFB8DA61 /* MinSizeRel */,
				DBBAB0096D3F4302967A0A84 /* RelWithDebInfo */,
			);
			defaultConfigurationIsVisible = 0;
			defaultConfigurationName = Debug;
		};
/* End XCConfigurationList section */
	};
	rootObject = EDD6442E51824B5FAFA6B13C /* Project object */;
}
